# THIS IS AN AUTOGENERATED FILE. DO NOT EDIT THIS FILE DIRECTLY.
# yarn lockfile v1


iconv-lite@^0.4.17, iconv-lite@^0.4.4:
  version "0.4.17"
  resolved "https://registry.yarnpkg.com/iconv-lite/-/iconv-lite-0.4.17.tgz#4fdaa3b38acbc2c031b045d0edcdfe1ecab18c8d"

jspack@^0.0.4:
  version "0.0.4"
  resolved "https://registry.yarnpkg.com/jspack/-/jspack-0.0.4.tgz#32dd35c7fdcb3e3456c18fbb7ef9ed0bc6238177"

parse-engine-data@^0.1.2:
  version "0.1.2"
  resolved "https://registry.yarnpkg.com/parse-engine-data/-/parse-engine-data-0.1.2.tgz#5161f6133c9888f52155ecced42716575dfea052"
  dependencies:
    iconv-lite "^0.4.4"

pngjs@^3.2.0:
  version "3.2.0"
  resolved "https://registry.yarnpkg.com/pngjs/-/pngjs-3.2.0.tgz#fc9fcea1a8a375da54a51148019d5abd41dbabde"
